
Microsoft Visual Studio Solution File, Format Version 12.00
# Visual Studio Version 17
VisualStudioVersion = 17.0.31903.59
MinimumVisualStudioVersion = 10.0.40219.1
Project("{2150E333-8FDC-42A3-9474-1A3956D46DE8}") = "BuildingBlocks", "BuildingBlocks", "{1EDCE417-62E4-42EC-AAE2-0CD3704476E3}"
EndProject
Project("{2150E333-8FDC-42A3-9474-1A3956D46DE8}") = "Aspire", "Aspire", "{1137336C-A074-4202-97DB-A416841D4BC9}"
EndProject
Project("{2150E333-8FDC-42A3-9474-1A3956D46DE8}") = "UserManagement", "UserManagement", "{F6D12FAB-AEED-4851-AAB6-FC5D06B980BD}"
EndProject
Project("{2150E333-8FDC-42A3-9474-1A3956D46DE8}") = "src", "src", "{755B75C1-E848-4D58-99C2-7D2866E77145}"
EndProject
Project("{2150E333-8FDC-42A3-9474-1A3956D46DE8}") = "tests", "tests", "{F6F39293-29AC-4F73-B721-296A8AC9559D}"
EndProject
Project("{FAE04EC0-301F-11D3-BF4B-00C04F79EFBC}") = "UserManagement", "src\Backend\src\UserManagement\UserManagement.csproj", "{ACCAE91B-0E83-4CFB-9BE7-4B78CE435B8A}"
EndProject
Project("{FAE04EC0-301F-11D3-BF4B-00C04F79EFBC}") = "BuildingBlocks", "src\Backend\src\BuildingBlocks\BuildingBlocks.csproj", "{52E81F49-4F01-4E86-9620-DD88640363A5}"
EndProject
Project("{FAE04EC0-301F-11D3-BF4B-00C04F79EFBC}") = "EndToEndTests", "src\Backend\tests\EndToEndTests\EndToEndTests.csproj", "{F11CF5D1-4266-4001-A940-C38D99FDDB7F}"
EndProject
Project("{FAE04EC0-301F-11D3-BF4B-00C04F79EFBC}") = "IntegrationTests", "src\Backend\tests\IntegrationTests\IntegrationTests.csproj", "{22208953-93D1-45DF-B679-FC26F221C811}"
EndProject
Project("{FAE04EC0-301F-11D3-BF4B-00C04F79EFBC}") = "TestsShared", "src\Backend\tests\TestsShared\TestsShared.csproj", "{F17CA6CA-17A0-4F27-8B64-59FE87145796}"
EndProject
Project("{FAE04EC0-301F-11D3-BF4B-00C04F79EFBC}") = "UnitTests", "src\Backend\tests\UnitTests\UnitTests.csproj", "{31080423-A684-424B-96A9-1197569E146E}"
EndProject
Project("{FAE04EC0-301F-11D3-BF4B-00C04F79EFBC}") = "AppHost", "src\Backend\src\Aspire\AppHost\AppHost.csproj", "{933B36BB-28C9-4BF7-B34C-D627F736389E}"
EndProject
Project("{FAE04EC0-301F-11D3-BF4B-00C04F79EFBC}") = "ServiceDefaults", "src\Backend\src\Aspire\ServiceDefaults\ServiceDefaults.csproj", "{48F5BBA5-A23F-4B62-A96F-B97F7F876842}"
EndProject
Global
	GlobalSection(SolutionConfigurationPlatforms) = preSolution
		Debug|Any CPU = Debug|Any CPU
		Release|Any CPU = Release|Any CPU
	EndGlobalSection
	GlobalSection(SolutionProperties) = preSolution
		HideSolutionNode = FALSE
	EndGlobalSection
	GlobalSection(NestedProjects) = preSolution
		{755B75C1-E848-4D58-99C2-7D2866E77145} = {F6D12FAB-AEED-4851-AAB6-FC5D06B980BD}
		{F6F39293-29AC-4F73-B721-296A8AC9559D} = {F6D12FAB-AEED-4851-AAB6-FC5D06B980BD}
		{ACCAE91B-0E83-4CFB-9BE7-4B78CE435B8A} = {755B75C1-E848-4D58-99C2-7D2866E77145}
		{52E81F49-4F01-4E86-9620-DD88640363A5} = {1EDCE417-62E4-42EC-AAE2-0CD3704476E3}
		{F11CF5D1-4266-4001-A940-C38D99FDDB7F} = {F6F39293-29AC-4F73-B721-296A8AC9559D}
		{22208953-93D1-45DF-B679-FC26F221C811} = {F6F39293-29AC-4F73-B721-296A8AC9559D}
		{F17CA6CA-17A0-4F27-8B64-59FE87145796} = {F6F39293-29AC-4F73-B721-296A8AC9559D}
		{31080423-A684-424B-96A9-1197569E146E} = {F6F39293-29AC-4F73-B721-296A8AC9559D}
		{933B36BB-28C9-4BF7-B34C-D627F736389E} = {1137336C-A074-4202-97DB-A416841D4BC9}
		{48F5BBA5-A23F-4B62-A96F-B97F7F876842} = {1137336C-A074-4202-97DB-A416841D4BC9}
	EndGlobalSection
	GlobalSection(ProjectConfigurationPlatforms) = postSolution
		{ACCAE91B-0E83-4CFB-9BE7-4B78CE435B8A}.Debug|Any CPU.ActiveCfg = Debug|Any CPU
		{ACCAE91B-0E83-4CFB-9BE7-4B78CE435B8A}.Debug|Any CPU.Build.0 = Debug|Any CPU
		{ACCAE91B-0E83-4CFB-9BE7-4B78CE435B8A}.Release|Any CPU.ActiveCfg = Release|Any CPU
		{ACCAE91B-0E83-4CFB-9BE7-4B78CE435B8A}.Release|Any CPU.Build.0 = Release|Any CPU
		{52E81F49-4F01-4E86-9620-DD88640363A5}.Debug|Any CPU.ActiveCfg = Debug|Any CPU
		{52E81F49-4F01-4E86-9620-DD88640363A5}.Debug|Any CPU.Build.0 = Debug|Any CPU
		{52E81F49-4F01-4E86-9620-DD88640363A5}.Release|Any CPU.ActiveCfg = Release|Any CPU
		{52E81F49-4F01-4E86-9620-DD88640363A5}.Release|Any CPU.Build.0 = Release|Any CPU
		{F11CF5D1-4266-4001-A940-C38D99FDDB7F}.Debug|Any CPU.ActiveCfg = Debug|Any CPU
		{F11CF5D1-4266-4001-A940-C38D99FDDB7F}.Debug|Any CPU.Build.0 = Debug|Any CPU
		{F11CF5D1-4266-4001-A940-C38D99FDDB7F}.Release|Any CPU.ActiveCfg = Release|Any CPU
		{F11CF5D1-4266-4001-A940-C38D99FDDB7F}.Release|Any CPU.Build.0 = Release|Any CPU
		{22208953-93D1-45DF-B679-FC26F221C811}.Debug|Any CPU.ActiveCfg = Debug|Any CPU
		{22208953-93D1-45DF-B679-FC26F221C811}.Debug|Any CPU.Build.0 = Debug|Any CPU
		{22208953-93D1-45DF-B679-FC26F221C811}.Release|Any CPU.ActiveCfg = Release|Any CPU
		{22208953-93D1-45DF-B679-FC26F221C811}.Release|Any CPU.Build.0 = Release|Any CPU
		{F17CA6CA-17A0-4F27-8B64-59FE87145796}.Debug|Any CPU.ActiveCfg = Debug|Any CPU
		{F17CA6CA-17A0-4F27-8B64-59FE87145796}.Debug|Any CPU.Build.0 = Debug|Any CPU
		{F17CA6CA-17A0-4F27-8B64-59FE87145796}.Release|Any CPU.ActiveCfg = Release|Any CPU
		{F17CA6CA-17A0-4F27-8B64-59FE87145796}.Release|Any CPU.Build.0 = Release|Any CPU
		{31080423-A684-424B-96A9-1197569E146E}.Debug|Any CPU.ActiveCfg = Debug|Any CPU
		{31080423-A684-424B-96A9-1197569E146E}.Debug|Any CPU.Build.0 = Debug|Any CPU
		{31080423-A684-424B-96A9-1197569E146E}.Release|Any CPU.ActiveCfg = Release|Any CPU
		{31080423-A684-424B-96A9-1197569E146E}.Release|Any CPU.Build.0 = Release|Any CPU
		{933B36BB-28C9-4BF7-B34C-D627F736389E}.Debug|Any CPU.ActiveCfg = Debug|Any CPU
		{933B36BB-28C9-4BF7-B34C-D627F736389E}.Debug|Any CPU.Build.0 = Debug|Any CPU
		{933B36BB-28C9-4BF7-B34C-D627F736389E}.Release|Any CPU.ActiveCfg = Release|Any CPU
		{933B36BB-28C9-4BF7-B34C-D627F736389E}.Release|Any CPU.Build.0 = Release|Any CPU
		{48F5BBA5-A23F-4B62-A96F-B97F7F876842}.Debug|Any CPU.ActiveCfg = Debug|Any CPU
		{48F5BBA5-A23F-4B62-A96F-B97F7F876842}.Debug|Any CPU.Build.0 = Debug|Any CPU
		{48F5BBA5-A23F-4B62-A96F-B97F7F876842}.Release|Any CPU.ActiveCfg = Release|Any CPU
		{48F5BBA5-A23F-4B62-A96F-B97F7F876842}.Release|Any CPU.Build.0 = Release|Any CPU
	EndGlobalSection
EndGlobal
