
Microsoft Visual Studio Solution File, Format Version 12.00
# Visual Studio Version 17
VisualStudioVersion = 17.0.31903.59
MinimumVisualStudioVersion = 10.0.40219.1
Project("{2150E333-8FDC-42A3-9474-1A3956D46DE8}") = "BuildingBlocks", "BuildingBlocks", "{1EDCE417-62E4-42EC-AAE2-0CD3704476E3}"
EndProject
Project("{2150E333-8FDC-42A3-9474-1A3956D46DE8}") = "Aspire", "Aspire", "{1137336C-A074-4202-97DB-A416841D4BC9}"
EndProject
Project("{2150E333-8FDC-42A3-9474-1A3956D46DE8}") = "UserManagement", "UserManagement", "{F6D12FAB-AEED-4851-AAB6-FC5D06B980BD}"
EndProject
Project("{2150E333-8FDC-42A3-9474-1A3956D46DE8}") = "src", "src", "{95145866-46BE-45A9-A060-FE270EF07124}"
EndProject
Project("{2150E333-8FDC-42A3-9474-1A3956D46DE8}") = "AppHost", "AppHost", "{058F9E05-7B7F-4964-9108-496FFAAA4345}"
EndProject
Project("{2150E333-8FDC-42A3-9474-1A3956D46DE8}") = "ServiceDefaults", "ServiceDefaults", "{A5A484BC-0F9F-4B26-A3B7-DFE2E2A63939}"
EndProject
Project("{2150E333-8FDC-42A3-9474-1A3956D46DE8}") = "src", "src", "{755B75C1-E848-4D58-99C2-7D2866E77145}"
EndProject
Project("{2150E333-8FDC-42A3-9474-1A3956D46DE8}") = "tests", "tests", "{F6F39293-29AC-4F73-B721-296A8AC9559D}"
EndProject
Project("{FAE04EC0-301F-11D3-BF4B-00C04F79EFBC}") = "UserManagement", "src\Backend\src\UserManagement\UserManagement.csproj", "{ACCAE91B-0E83-4CFB-9BE7-4B78CE435B8A}"
EndProject
Project("{FAE04EC0-301F-11D3-BF4B-00C04F79EFBC}") = "BuildingBlocks", "src\Backend\src\BuildingBlocks\BuildingBlocks.csproj", "{52E81F49-4F01-4E86-9620-DD88640363A5}"
EndProject
Project("{FAE04EC0-301F-11D3-BF4B-00C04F79EFBC}") = "AppHost", "src\Backend\src\Aspire\src\AppHost\AppHost.csproj", "{3B3B20CB-0A0F-4530-9FD3-7E1291CED913}"
EndProject
Project("{FAE04EC0-301F-11D3-BF4B-00C04F79EFBC}") = "ServiceDefaults", "src\Backend\src\Aspire\src\ServiceDefaults\ServiceDefaults.csproj", "{AE8AEBFF-2531-42CA-A7C6-8BDBF8FB761E}"
EndProject
Global
	GlobalSection(SolutionConfigurationPlatforms) = preSolution
		Debug|Any CPU = Debug|Any CPU
		Release|Any CPU = Release|Any CPU
	EndGlobalSection
	GlobalSection(SolutionProperties) = preSolution
		HideSolutionNode = FALSE
	EndGlobalSection
	GlobalSection(NestedProjects) = preSolution
		{95145866-46BE-45A9-A060-FE270EF07124} = {1137336C-A074-4202-97DB-A416841D4BC9}
		{058F9E05-7B7F-4964-9108-496FFAAA4345} = {95145866-46BE-45A9-A060-FE270EF07124}
		{A5A484BC-0F9F-4B26-A3B7-DFE2E2A63939} = {95145866-46BE-45A9-A060-FE270EF07124}
		{755B75C1-E848-4D58-99C2-7D2866E77145} = {F6D12FAB-AEED-4851-AAB6-FC5D06B980BD}
		{F6F39293-29AC-4F73-B721-296A8AC9559D} = {F6D12FAB-AEED-4851-AAB6-FC5D06B980BD}
		{ACCAE91B-0E83-4CFB-9BE7-4B78CE435B8A} = {755B75C1-E848-4D58-99C2-7D2866E77145}
		{52E81F49-4F01-4E86-9620-DD88640363A5} = {1EDCE417-62E4-42EC-AAE2-0CD3704476E3}
		{3B3B20CB-0A0F-4530-9FD3-7E1291CED913} = {058F9E05-7B7F-4964-9108-496FFAAA4345}
		{AE8AEBFF-2531-42CA-A7C6-8BDBF8FB761E} = {A5A484BC-0F9F-4B26-A3B7-DFE2E2A63939}
	EndGlobalSection
	GlobalSection(ProjectConfigurationPlatforms) = postSolution
		{ACCAE91B-0E83-4CFB-9BE7-4B78CE435B8A}.Debug|Any CPU.ActiveCfg = Debug|Any CPU
		{ACCAE91B-0E83-4CFB-9BE7-4B78CE435B8A}.Debug|Any CPU.Build.0 = Debug|Any CPU
		{ACCAE91B-0E83-4CFB-9BE7-4B78CE435B8A}.Release|Any CPU.ActiveCfg = Release|Any CPU
		{ACCAE91B-0E83-4CFB-9BE7-4B78CE435B8A}.Release|Any CPU.Build.0 = Release|Any CPU
		{52E81F49-4F01-4E86-9620-DD88640363A5}.Debug|Any CPU.ActiveCfg = Debug|Any CPU
		{52E81F49-4F01-4E86-9620-DD88640363A5}.Debug|Any CPU.Build.0 = Debug|Any CPU
		{52E81F49-4F01-4E86-9620-DD88640363A5}.Release|Any CPU.ActiveCfg = Release|Any CPU
		{52E81F49-4F01-4E86-9620-DD88640363A5}.Release|Any CPU.Build.0 = Release|Any CPU
		{3B3B20CB-0A0F-4530-9FD3-7E1291CED913}.Debug|Any CPU.ActiveCfg = Debug|Any CPU
		{3B3B20CB-0A0F-4530-9FD3-7E1291CED913}.Debug|Any CPU.Build.0 = Debug|Any CPU
		{3B3B20CB-0A0F-4530-9FD3-7E1291CED913}.Release|Any CPU.ActiveCfg = Release|Any CPU
		{3B3B20CB-0A0F-4530-9FD3-7E1291CED913}.Release|Any CPU.Build.0 = Release|Any CPU
		{AE8AEBFF-2531-42CA-A7C6-8BDBF8FB761E}.Debug|Any CPU.ActiveCfg = Debug|Any CPU
		{AE8AEBFF-2531-42CA-A7C6-8BDBF8FB761E}.Debug|Any CPU.Build.0 = Debug|Any CPU
		{AE8AEBFF-2531-42CA-A7C6-8BDBF8FB761E}.Release|Any CPU.ActiveCfg = Release|Any CPU
		{AE8AEBFF-2531-42CA-A7C6-8BDBF8FB761E}.Release|Any CPU.Build.0 = Release|Any CPU
	EndGlobalSection
EndGlobal
